
Microsoft Visual Studio Solution File, Format Version 12.00
# Visual Studio 15
VisualStudioVersion = 15.0.26403.7
MinimumVisualStudioVersion = 10.0.40219.1
Project("{FAE04EC0-301F-11D3-BF4B-00C04F79EFBC}") = "githubTests", "githubTests\githubTests.csproj", "{6CDAC8FD-D7A4-44C3-B57F-B7EB68A96F00}"
EndProject
Project("{FAE04EC0-301F-11D3-BF4B-00C04F79EFBC}") = "githubTestsTest", "githubTestsTest\githubTestsTest.csproj", "{80CB21E7-F988-4C0F-9BB1-3DB4E552F6DC}"
EndProject
Global
	GlobalSection(SolutionConfigurationPlatforms) = preSolution
		Debug|Any CPU = Debug|Any CPU
		Release|Any CPU = Release|Any CPU
	EndGlobalSection
	GlobalSection(ProjectConfigurationPlatforms) = postSolution
		{6CDAC8FD-D7A4-44C3-B57F-B7EB68A96F00}.Debug|Any CPU.ActiveCfg = Debug|Any CPU
		{6CDAC8FD-D7A4-44C3-B57F-B7EB68A96F00}.Debug|Any CPU.Build.0 = Debug|Any CPU
		{6CDAC8FD-D7A4-44C3-B57F-B7EB68A96F00}.Release|Any CPU.ActiveCfg = Release|Any CPU
		{6CDAC8FD-D7A4-44C3-B57F-B7EB68A96F00}.Release|Any CPU.Build.0 = Release|Any CPU
		{80CB21E7-F988-4C0F-9BB1-3DB4E552F6DC}.Debug|Any CPU.ActiveCfg = Debug|Any CPU
		{80CB21E7-F988-4C0F-9BB1-3DB4E552F6DC}.Debug|Any CPU.Build.0 = Debug|Any CPU
		{80CB21E7-F988-4C0F-9BB1-3DB4E552F6DC}.Release|Any CPU.ActiveCfg = Release|Any CPU
		{80CB21E7-F988-4C0F-9BB1-3DB4E552F6DC}.Release|Any CPU.Build.0 = Release|Any CPU
	EndGlobalSection
	GlobalSection(SolutionProperties) = preSolution
		HideSolutionNode = FALSE
	EndGlobalSection
EndGlobal
